
Microsoft Visual Studio Solution File, Format Version 15.00
# Visual Studio 2017
Project("{FAE04EC0-301F-11D3-BF4B-00C04F79EFBC}") = "asp_identity_core_ef", "asp_identity_core_ef.csproj", "{2A8BFF46-5B92-44CA-A383-58CF05A3D2F6}"
EndProject
Global
	GlobalSection(SolutionConfigurationPlatforms) = preSolution
		Debug|Any CPU = Debug|Any CPU
		Release|Any CPU = Release|Any CPU
	EndGlobalSection
	GlobalSection(ProjectConfigurationPlatforms) = postSolution
		{2A8BFF46-5B92-44CA-A383-58CF05A3D2F6}.Debug|Any CPU.ActiveCfg = Debug|Any CPU
		{2A8BFF46-5B92-44CA-A383-58CF05A3D2F6}.Debug|Any CPU.Build.0 = Debug|Any CPU
		{2A8BFF46-5B92-44CA-A383-58CF05A3D2F6}.Release|Any CPU.ActiveCfg = Release|Any CPU
		{2A8BFF46-5B92-44CA-A383-58CF05A3D2F6}.Release|Any CPU.Build.0 = Release|Any CPU
	EndGlobalSection
EndGlobal
